
Microsoft Visual Studio Solution File, Format Version 12.00
Project("{FAE04EC0-301F-11D3-BF4B-00C04F79EFBC}") = "zad3_apbd", "zad3_apbd\zad3_apbd.csproj", "{463857A5-0491-4391-B810-186807F8F4D3}"
EndProject
Global
	GlobalSection(SolutionConfigurationPlatforms) = preSolution
		Debug|Any CPU = Debug|Any CPU
		Release|Any CPU = Release|Any CPU
	EndGlobalSection
	GlobalSection(ProjectConfigurationPlatforms) = postSolution
		{463857A5-0491-4391-B810-186807F8F4D3}.Debug|Any CPU.ActiveCfg = Debug|Any CPU
		{463857A5-0491-4391-B810-186807F8F4D3}.Debug|Any CPU.Build.0 = Debug|Any CPU
		{463857A5-0491-4391-B810-186807F8F4D3}.Release|Any CPU.ActiveCfg = Release|Any CPU
		{463857A5-0491-4391-B810-186807F8F4D3}.Release|Any CPU.Build.0 = Release|Any CPU
	EndGlobalSection
EndGlobal
